
Microsoft Visual Studio Solution File, Format Version 12.00
# Visual Studio 15
VisualStudioVersion = 15.0.27924.0
MinimumVisualStudioVersion = 10.0.40219.1
Project("{FAE04EC0-301F-11D3-BF4B-00C04F79EFBC}") = "XAMINTRO.Android", "XAMINTRO\XAMINTRO.Android\XAMINTRO.Android.csproj", "{8C756CC3-08C6-420F-9F40-FA9CC358042F}"
EndProject
Project("{FAE04EC0-301F-11D3-BF4B-00C04F79EFBC}") = "XAMINTRO.iOS", "XAMINTRO\XAMINTRO.iOS\XAMINTRO.iOS.csproj", "{F8E6F6F6-3E04-4BFD-8A22-C2CB3E22F62E}"
EndProject
Project("{FAE04EC0-301F-11D3-BF4B-00C04F79EFBC}") = "XAMINTRO", "XAMINTRO\XAMINTRO\XAMINTRO.csproj", "{5D82DEDB-2E8D-46C5-BFE1-6A145C03261D}"
EndProject
Global
	GlobalSection(SolutionConfigurationPlatforms) = preSolution
		Ad-Hoc|Any CPU = Ad-Hoc|Any CPU
		Ad-Hoc|iPhone = Ad-Hoc|iPhone
		Ad-Hoc|iPhoneSimulator = Ad-Hoc|iPhoneSimulator
		AppStore|Any CPU = AppStore|Any CPU
		AppStore|iPhone = AppStore|iPhone
		AppStore|iPhoneSimulator = AppStore|iPhoneSimulator
		Debug|Any CPU = Debug|Any CPU
		Debug|iPhone = Debug|iPhone
		Debug|iPhoneSimulator = Debug|iPhoneSimulator
		Release|Any CPU = Release|Any CPU
		Release|iPhone = Release|iPhone
		Release|iPhoneSimulator = Release|iPhoneSimulator
	EndGlobalSection
	GlobalSection(ProjectConfigurationPlatforms) = postSolution
		{8C756CC3-08C6-420F-9F40-FA9CC358042F}.Ad-Hoc|Any CPU.ActiveCfg = Release|Any CPU
		{8C756CC3-08C6-420F-9F40-FA9CC358042F}.Ad-Hoc|Any CPU.Build.0 = Release|Any CPU
		{8C756CC3-08C6-420F-9F40-FA9CC358042F}.Ad-Hoc|Any CPU.Deploy.0 = Release|Any CPU
		{8C756CC3-08C6-420F-9F40-FA9CC358042F}.Ad-Hoc|iPhone.ActiveCfg = Release|Any CPU
		{8C756CC3-08C6-420F-9F40-FA9CC358042F}.Ad-Hoc|iPhone.Build.0 = Release|Any CPU
		{8C756CC3-08C6-420F-9F40-FA9CC358042F}.Ad-Hoc|iPhone.Deploy.0 = Release|Any CPU
		{8C756CC3-08C6-420F-9F40-FA9CC358042F}.Ad-Hoc|iPhoneSimulator.ActiveCfg = Release|Any CPU
		{8C756CC3-08C6-420F-9F40-FA9CC358042F}.Ad-Hoc|iPhoneSimulator.Build.0 = Release|Any CPU
		{8C756CC3-08C6-420F-9F40-FA9CC358042F}.Ad-Hoc|iPhoneSimulator.Deploy.0 = Release|Any CPU
		{8C756CC3-08C6-420F-9F40-FA9CC358042F}.AppStore|Any CPU.ActiveCfg = Release|Any CPU
		{8C756CC3-08C6-420F-9F40-FA9CC358042F}.AppStore|Any CPU.Build.0 = Release|Any CPU
		{8C756CC3-08C6-420F-9F40-FA9CC358042F}.AppStore|Any CPU.Deploy.0 = Release|Any CPU
		{8C756CC3-08C6-420F-9F40-FA9CC358042F}.AppStore|iPhone.ActiveCfg = Release|Any CPU
		{8C756CC3-08C6-420F-9F40-FA9CC358042F}.AppStore|iPhone.Build.0 = Release|Any CPU
		{8C756CC3-08C6-420F-9F40-FA9CC358042F}.AppStore|iPhone.Deploy.0 = Release|Any CPU
		{8C756CC3-08C6-420F-9F40-FA9CC358042F}.AppStore|iPhoneSimulator.ActiveCfg = Release|Any CPU
		{8C756CC3-08C6-420F-9F40-FA9CC358042F}.AppStore|iPhoneSimulator.Build.0 = Release|Any CPU
		{8C756CC3-08C6-420F-9F40-FA9CC358042F}.AppStore|iPhoneSimulator.Deploy.0 = Release|Any CPU
		{8C756CC3-08C6-420F-9F40-FA9CC358042F}.Debug|Any CPU.ActiveCfg = Debug|Any CPU
		{8C756CC3-08C6-420F-9F40-FA9CC358042F}.Debug|Any CPU.Build.0 = Debug|Any CPU
		{8C756CC3-08C6-420F-9F40-FA9CC358042F}.Debug|Any CPU.Deploy.0 = Debug|Any CPU
		{8C756CC3-08C6-420F-9F40-FA9CC358042F}.Debug|iPhone.ActiveCfg = Debug|Any CPU
		{8C756CC3-08C6-420F-9F40-FA9CC358042F}.Debug|iPhone.Build.0 = Debug|Any CPU
		{8C756CC3-08C6-420F-9F40-FA9CC358042F}.Debug|iPhone.Deploy.0 = Debug|Any CPU
		{8C756CC3-08C6-420F-9F40-FA9CC358042F}.Debug|iPhoneSimulator.ActiveCfg = Debug|Any CPU
		{8C756CC3-08C6-420F-9F40-FA9CC358042F}.Debug|iPhoneSimulator.Build.0 = Debug|Any CPU
		{8C756CC3-08C6-420F-9F40-FA9CC358042F}.Debug|iPhoneSimulator.Deploy.0 = Debug|Any CPU
		{8C756CC3-08C6-420F-9F40-FA9CC358042F}.Release|Any CPU.ActiveCfg = Release|Any CPU
		{8C756CC3-08C6-420F-9F40-FA9CC358042F}.Release|Any CPU.Build.0 = Release|Any CPU
		{8C756CC3-08C6-420F-9F40-FA9CC358042F}.Release|Any CPU.Deploy.0 = Release|Any CPU
		{8C756CC3-08C6-420F-9F40-FA9CC358042F}.Release|iPhone.ActiveCfg = Release|Any CPU
		{8C756CC3-08C6-420F-9F40-FA9CC358042F}.Release|iPhone.Build.0 = Release|Any CPU
		{8C756CC3-08C6-420F-9F40-FA9CC358042F}.Release|iPhone.Deploy.0 = Release|Any CPU
		{8C756CC3-08C6-420F-9F40-FA9CC358042F}.Release|iPhoneSimulator.ActiveCfg = Release|Any CPU
		{8C756CC3-08C6-420F-9F40-FA9CC358042F}.Release|iPhoneSimulator.Build.0 = Release|Any CPU
		{8C756CC3-08C6-420F-9F40-FA9CC358042F}.Release|iPhoneSimulator.Deploy.0 = Release|Any CPU
		{F8E6F6F6-3E04-4BFD-8A22-C2CB3E22F62E}.Ad-Hoc|Any CPU.ActiveCfg = Ad-Hoc|iPhone
		{F8E6F6F6-3E04-4BFD-8A22-C2CB3E22F62E}.Ad-Hoc|Any CPU.Build.0 = Ad-Hoc|iPhone
		{F8E6F6F6-3E04-4BFD-8A22-C2CB3E22F62E}.Ad-Hoc|Any CPU.Deploy.0 = Ad-Hoc|iPhone
		{F8E6F6F6-3E04-4BFD-8A22-C2CB3E22F62E}.Ad-Hoc|iPhone.ActiveCfg = Ad-Hoc|iPhone
		{F8E6F6F6-3E04-4BFD-8A22-C2CB3E22F62E}.Ad-Hoc|iPhone.Build.0 = Ad-Hoc|iPhone
		{F8E6F6F6-3E04-4BFD-8A22-C2CB3E22F62E}.Ad-Hoc|iPhone.Deploy.0 = Ad-Hoc|iPhone
		{F8E6F6F6-3E04-4BFD-8A22-C2CB3E22F62E}.Ad-Hoc|iPhoneSimulator.ActiveCfg = Ad-Hoc|iPhoneSimulator
		{F8E6F6F6-3E04-4BFD-8A22-C2CB3E22F62E}.Ad-Hoc|iPhoneSimulator.Build.0 = Ad-Hoc|iPhoneSimulator
		{F8E6F6F6-3E04-4BFD-8A22-C2CB3E22F62E}.Ad-Hoc|iPhoneSimulator.Deploy.0 = Ad-Hoc|iPhoneSimulator
		{F8E6F6F6-3E04-4BFD-8A22-C2CB3E22F62E}.AppStore|Any CPU.ActiveCfg = AppStore|iPhone
		{F8E6F6F6-3E04-4BFD-8A22-C2CB3E22F62E}.AppStore|Any CPU.Build.0 = AppStore|iPhone
		{F8E6F6F6-3E04-4BFD-8A22-C2CB3E22F62E}.AppStore|Any CPU.Deploy.0 = AppStore|iPhone
		{F8E6F6F6-3E04-4BFD-8A22-C2CB3E22F62E}.AppStore|iPhone.ActiveCfg = AppStore|iPhone
		{F8E6F6F6-3E04-4BFD-8A22-C2CB3E22F62E}.AppStore|iPhone.Build.0 = AppStore|iPhone
		{F8E6F6F6-3E04-4BFD-8A22-C2CB3E22F62E}.AppStore|iPhone.Deploy.0 = AppStore|iPhone
		{F8E6F6F6-3E04-4BFD-8A22-C2CB3E22F62E}.AppStore|iPhoneSimulator.ActiveCfg = AppStore|iPhoneSimulator
		{F8E6F6F6-3E04-4BFD-8A22-C2CB3E22F62E}.AppStore|iPhoneSimulator.Build.0 = AppStore|iPhoneSimulator
		{F8E6F6F6-3E04-4BFD-8A22-C2CB3E22F62E}.AppStore|iPhoneSimulator.Deploy.0 = AppStore|iPhoneSimulator
		{F8E6F6F6-3E04-4BFD-8A22-C2CB3E22F62E}.Debug|Any CPU.ActiveCfg = Debug|iPhoneSimulator
		{F8E6F6F6-3E04-4BFD-8A22-C2CB3E22F62E}.Debug|Any CPU.Build.0 = Debug|iPhoneSimulator
		{F8E6F6F6-3E04-4BFD-8A22-C2CB3E22F62E}.Debug|Any CPU.Deploy.0 = Debug|iPhoneSimulator
		{F8E6F6F6-3E04-4BFD-8A22-C2CB3E22F62E}.Debug|iPhone.ActiveCfg = Debug|iPhone
		{F8E6F6F6-3E04-4BFD-8A22-C2CB3E22F62E}.Debug|iPhone.Build.0 = Debug|iPhone
		{F8E6F6F6-3E04-4BFD-8A22-C2CB3E22F62E}.Debug|iPhone.Deploy.0 = Debug|iPhone
		{F8E6F6F6-3E04-4BFD-8A22-C2CB3E22F62E}.Debug|iPhoneSimulator.ActiveCfg = Debug|iPhoneSimulator
		{F8E6F6F6-3E04-4BFD-8A22-C2CB3E22F62E}.Debug|iPhoneSimulator.Build.0 = Debug|iPhoneSimulator
		{F8E6F6F6-3E04-4BFD-8A22-C2CB3E22F62E}.Debug|iPhoneSimulator.Deploy.0 = Debug|iPhoneSimulator
		{F8E6F6F6-3E04-4BFD-8A22-C2CB3E22F62E}.Release|Any CPU.ActiveCfg = Release|iPhone
		{F8E6F6F6-3E04-4BFD-8A22-C2CB3E22F62E}.Release|Any CPU.Build.0 = Release|iPhone
		{F8E6F6F6-3E04-4BFD-8A22-C2CB3E22F62E}.Release|Any CPU.Deploy.0 = Release|iPhone
		{F8E6F6F6-3E04-4BFD-8A22-C2CB3E22F62E}.Release|iPhone.ActiveCfg = Release|iPhone
		{F8E6F6F6-3E04-4BFD-8A22-C2CB3E22F62E}.Release|iPhone.Build.0 = Release|iPhone
		{F8E6F6F6-3E04-4BFD-8A22-C2CB3E22F62E}.Release|iPhone.Deploy.0 = Release|iPhone
		{F8E6F6F6-3E04-4BFD-8A22-C2CB3E22F62E}.Release|iPhoneSimulator.ActiveCfg = Release|iPhoneSimulator
		{F8E6F6F6-3E04-4BFD-8A22-C2CB3E22F62E}.Release|iPhoneSimulator.Build.0 = Release|iPhoneSimulator
		{F8E6F6F6-3E04-4BFD-8A22-C2CB3E22F62E}.Release|iPhoneSimulator.Deploy.0 = Release|iPhoneSimulator
		{5D82DEDB-2E8D-46C5-BFE1-6A145C03261D}.Ad-Hoc|Any CPU.ActiveCfg = Debug|Any CPU
		{5D82DEDB-2E8D-46C5-BFE1-6A145C03261D}.Ad-Hoc|Any CPU.Build.0 = Debug|Any CPU
		{5D82DEDB-2E8D-46C5-BFE1-6A145C03261D}.Ad-Hoc|Any CPU.Deploy.0 = Debug|Any CPU
		{5D82DEDB-2E8D-46C5-BFE1-6A145C03261D}.Ad-Hoc|iPhone.ActiveCfg = Debug|Any CPU
		{5D82DEDB-2E8D-46C5-BFE1-6A145C03261D}.Ad-Hoc|iPhone.Build.0 = Debug|Any CPU
		{5D82DEDB-2E8D-46C5-BFE1-6A145C03261D}.Ad-Hoc|iPhone.Deploy.0 = Debug|Any CPU
		{5D82DEDB-2E8D-46C5-BFE1-6A145C03261D}.Ad-Hoc|iPhoneSimulator.ActiveCfg = Debug|Any CPU
		{5D82DEDB-2E8D-46C5-BFE1-6A145C03261D}.Ad-Hoc|iPhoneSimulator.Build.0 = Debug|Any CPU
		{5D82DEDB-2E8D-46C5-BFE1-6A145C03261D}.Ad-Hoc|iPhoneSimulator.Deploy.0 = Debug|Any CPU
		{5D82DEDB-2E8D-46C5-BFE1-6A145C03261D}.AppStore|Any CPU.ActiveCfg = Debug|Any CPU
		{5D82DEDB-2E8D-46C5-BFE1-6A145C03261D}.AppStore|Any CPU.Build.0 = Debug|Any CPU
		{5D82DEDB-2E8D-46C5-BFE1-6A145C03261D}.AppStore|Any CPU.Deploy.0 = Debug|Any CPU
		{5D82DEDB-2E8D-46C5-BFE1-6A145C03261D}.AppStore|iPhone.ActiveCfg = Debug|Any CPU
		{5D82DEDB-2E8D-46C5-BFE1-6A145C03261D}.AppStore|iPhone.Build.0 = Debug|Any CPU
		{5D82DEDB-2E8D-46C5-BFE1-6A145C03261D}.AppStore|iPhone.Deploy.0 = Debug|Any CPU
		{5D82DEDB-2E8D-46C5-BFE1-6A145C03261D}.AppStore|iPhoneSimulator.ActiveCfg = Debug|Any CPU
		{5D82DEDB-2E8D-46C5-BFE1-6A145C03261D}.AppStore|iPhoneSimulator.Build.0 = Debug|Any CPU
		{5D82DEDB-2E8D-46C5-BFE1-6A145C03261D}.AppStore|iPhoneSimulator.Deploy.0 = Debug|Any CPU
		{5D82DEDB-2E8D-46C5-BFE1-6A145C03261D}.Debug|Any CPU.ActiveCfg = Debug|Any CPU
		{5D82DEDB-2E8D-46C5-BFE1-6A145C03261D}.Debug|Any CPU.Build.0 = Debug|Any CPU
		{5D82DEDB-2E8D-46C5-BFE1-6A145C03261D}.Debug|Any CPU.Deploy.0 = Debug|Any CPU
		{5D82DEDB-2E8D-46C5-BFE1-6A145C03261D}.Debug|iPhone.ActiveCfg = Debug|Any CPU
		{5D82DEDB-2E8D-46C5-BFE1-6A145C03261D}.Debug|iPhone.Build.0 = Debug|Any CPU
		{5D82DEDB-2E8D-46C5-BFE1-6A145C03261D}.Debug|iPhone.Deploy.0 = Debug|Any CPU
		{5D82DEDB-2E8D-46C5-BFE1-6A145C03261D}.Debug|iPhoneSimulator.ActiveCfg = Debug|Any CPU
		{5D82DEDB-2E8D-46C5-BFE1-6A145C03261D}.Debug|iPhoneSimulator.Build.0 = Debug|Any CPU
		{5D82DEDB-2E8D-46C5-BFE1-6A145C03261D}.Debug|iPhoneSimulator.Deploy.0 = Debug|Any CPU
		{5D82DEDB-2E8D-46C5-BFE1-6A145C03261D}.Release|Any CPU.ActiveCfg = Release|Any CPU
		{5D82DEDB-2E8D-46C5-BFE1-6A145C03261D}.Release|Any CPU.Build.0 = Release|Any CPU
		{5D82DEDB-2E8D-46C5-BFE1-6A145C03261D}.Release|Any CPU.Deploy.0 = Release|Any CPU
		{5D82DEDB-2E8D-46C5-BFE1-6A145C03261D}.Release|iPhone.ActiveCfg = Release|Any CPU
		{5D82DEDB-2E8D-46C5-BFE1-6A145C03261D}.Release|iPhone.Build.0 = Release|Any CPU
		{5D82DEDB-2E8D-46C5-BFE1-6A145C03261D}.Release|iPhone.Deploy.0 = Release|Any CPU
		{5D82DEDB-2E8D-46C5-BFE1-6A145C03261D}.Release|iPhoneSimulator.ActiveCfg = Release|Any CPU
		{5D82DEDB-2E8D-46C5-BFE1-6A145C03261D}.Release|iPhoneSimulator.Build.0 = Release|Any CPU
		{5D82DEDB-2E8D-46C5-BFE1-6A145C03261D}.Release|iPhoneSimulator.Deploy.0 = Release|Any CPU
	EndGlobalSection
	GlobalSection(SolutionProperties) = preSolution
		HideSolutionNode = FALSE
	EndGlobalSection
	GlobalSection(ExtensibilityGlobals) = postSolution
		SolutionGuid = {C693970C-E399-410C-8F58-1A1A72568B6D}
	EndGlobalSection
EndGlobal
